
Microsoft Visual Studio Solution File, Format Version 12.00
# Visual Studio 15
VisualStudioVersion = 15.0.28307.168
MinimumVisualStudioVersion = 10.0.40219.1
Project("{8BC9CEB8-8B4A-11D0-8D11-00A0C91BC942}") = "两整数二进制位不同的位数", "两整数二进制位不同的位数\两整数二进制位不同的位数.vcxproj", "{5682EBBD-758E-445C-BC71-E8308C090AA7}"
EndProject
Global
	GlobalSection(SolutionConfigurationPlatforms) = preSolution
		Debug|x64 = Debug|x64
		Debug|x86 = Debug|x86
		Release|x64 = Release|x64
		Release|x86 = Release|x86
	EndGlobalSection
	GlobalSection(ProjectConfigurationPlatforms) = postSolution
		{5682EBBD-758E-445C-BC71-E8308C090AA7}.Debug|x64.ActiveCfg = Debug|x64
		{5682EBBD-758E-445C-BC71-E8308C090AA7}.Debug|x64.Build.0 = Debug|x64
		{5682EBBD-758E-445C-BC71-E8308C090AA7}.Debug|x86.ActiveCfg = Debug|Win32
		{5682EBBD-758E-445C-BC71-E8308C090AA7}.Debug|x86.Build.0 = Debug|Win32
		{5682EBBD-758E-445C-BC71-E8308C090AA7}.Release|x64.ActiveCfg = Release|x64
		{5682EBBD-758E-445C-BC71-E8308C090AA7}.Release|x64.Build.0 = Release|x64
		{5682EBBD-758E-445C-BC71-E8308C090AA7}.Release|x86.ActiveCfg = Release|Win32
		{5682EBBD-758E-445C-BC71-E8308C090AA7}.Release|x86.Build.0 = Release|Win32
	EndGlobalSection
	GlobalSection(SolutionProperties) = preSolution
		HideSolutionNode = FALSE
	EndGlobalSection
	GlobalSection(ExtensibilityGlobals) = postSolution
		SolutionGuid = {F55640F1-1F93-4ED0-8E47-8F0027B530C9}
	EndGlobalSection
EndGlobal
