
Microsoft Visual Studio Solution File, Format Version 12.00
# Visual Studio 15
VisualStudioVersion = 15.0.28307.168
MinimumVisualStudioVersion = 10.0.40219.1
Project("{8BC9CEB8-8B4A-11D0-8D11-00A0C91BC942}") = "判断素数的函数2019.1.18", "判断素数的函数2019.1.18\判断素数的函数2019.1.18.vcxproj", "{A071FC85-399E-40C3-B2A8-C6B63F85D80C}"
EndProject
Global
	GlobalSection(SolutionConfigurationPlatforms) = preSolution
		Debug|x64 = Debug|x64
		Debug|x86 = Debug|x86
		Release|x64 = Release|x64
		Release|x86 = Release|x86
	EndGlobalSection
	GlobalSection(ProjectConfigurationPlatforms) = postSolution
		{A071FC85-399E-40C3-B2A8-C6B63F85D80C}.Debug|x64.ActiveCfg = Debug|x64
		{A071FC85-399E-40C3-B2A8-C6B63F85D80C}.Debug|x64.Build.0 = Debug|x64
		{A071FC85-399E-40C3-B2A8-C6B63F85D80C}.Debug|x86.ActiveCfg = Debug|Win32
		{A071FC85-399E-40C3-B2A8-C6B63F85D80C}.Debug|x86.Build.0 = Debug|Win32
		{A071FC85-399E-40C3-B2A8-C6B63F85D80C}.Release|x64.ActiveCfg = Release|x64
		{A071FC85-399E-40C3-B2A8-C6B63F85D80C}.Release|x64.Build.0 = Release|x64
		{A071FC85-399E-40C3-B2A8-C6B63F85D80C}.Release|x86.ActiveCfg = Release|Win32
		{A071FC85-399E-40C3-B2A8-C6B63F85D80C}.Release|x86.Build.0 = Release|Win32
	EndGlobalSection
	GlobalSection(SolutionProperties) = preSolution
		HideSolutionNode = FALSE
	EndGlobalSection
	GlobalSection(ExtensibilityGlobals) = postSolution
		SolutionGuid = {5AA104F6-FE56-42ED-B417-9C77F0D77F92}
	EndGlobalSection
EndGlobal
