
Microsoft Visual Studio Solution File, Format Version 12.00
# Visual Studio 15
VisualStudioVersion = 15.0.28307.168
MinimumVisualStudioVersion = 10.0.40219.1
Project("{8BC9CEB8-8B4A-11D0-8D11-00A0C91BC942}") = "喝汽水2019.2.19", "喝汽水2019.2.19\喝汽水2019.2.19.vcxproj", "{A2D935DC-7632-431A-82C8-9C242E7ACC0F}"
EndProject
Global
	GlobalSection(SolutionConfigurationPlatforms) = preSolution
		Debug|x64 = Debug|x64
		Debug|x86 = Debug|x86
		Release|x64 = Release|x64
		Release|x86 = Release|x86
	EndGlobalSection
	GlobalSection(ProjectConfigurationPlatforms) = postSolution
		{A2D935DC-7632-431A-82C8-9C242E7ACC0F}.Debug|x64.ActiveCfg = Debug|x64
		{A2D935DC-7632-431A-82C8-9C242E7ACC0F}.Debug|x64.Build.0 = Debug|x64
		{A2D935DC-7632-431A-82C8-9C242E7ACC0F}.Debug|x86.ActiveCfg = Debug|Win32
		{A2D935DC-7632-431A-82C8-9C242E7ACC0F}.Debug|x86.Build.0 = Debug|Win32
		{A2D935DC-7632-431A-82C8-9C242E7ACC0F}.Release|x64.ActiveCfg = Release|x64
		{A2D935DC-7632-431A-82C8-9C242E7ACC0F}.Release|x64.Build.0 = Release|x64
		{A2D935DC-7632-431A-82C8-9C242E7ACC0F}.Release|x86.ActiveCfg = Release|Win32
		{A2D935DC-7632-431A-82C8-9C242E7ACC0F}.Release|x86.Build.0 = Release|Win32
	EndGlobalSection
	GlobalSection(SolutionProperties) = preSolution
		HideSolutionNode = FALSE
	EndGlobalSection
	GlobalSection(ExtensibilityGlobals) = postSolution
		SolutionGuid = {B89BE432-CBD4-47BC-9EBD-509EBBB10056}
	EndGlobalSection
EndGlobal
